// !$*UTF8*$!
{
	archiveVersion = 1;
	classes = {
	};
	objectVersion = 46;
	objects = {

/* Begin PBXBuildFile section */
		7BC9FB301EA7FA6C002CDDFE /* AppDelegate.swift in Sources */ = {isa = PBXBuildFile; fileRef = 7BC9FB2F1EA7FA6C002CDDFE /* AppDelegate.swift */; };
		7BC9FB321EA7FA6C002CDDFE /* ViewController.swift in Sources */ = {isa = PBXBuildFile; fileRef = 7BC9FB311EA7FA6C002CDDFE /* ViewController.swift */; };
		7BC9FB351EA7FA6C002CDDFE /* Main.storyboard in Resources */ = {isa = PBXBuildFile; fileRef = 7BC9FB331EA7FA6C002CDDFE /* Main.storyboard */; };
		7BC9FB371EA7FA6C002CDDFE /* Assets.xcassets in Resources */ = {isa = PBXBuildFile; fileRef = 7BC9FB361EA7FA6C002CDDFE /* Assets.xcassets */; };
		7BC9FB3A1EA7FA6C002CDDFE /* LaunchScreen.storyboard in Resources */ = {isa = PBXBuildFile; fileRef = 7BC9FB381EA7FA6C002CDDFE /* LaunchScreen.storyboard */; };
/* End PBXBuildFile section */

/* Begin PBXFileReference section */
		7BC9FB2C1EA7FA6C002CDDFE /* PhotoAlbum.app */ = {isa = PBXFileReference; explicitFileType = wrapper.application; includeInIndex = 0; path = PhotoAlbum.app; sourceTree = BUILT_PRODUCTS_DIR; };
		7BC9FB2F1EA7FA6C002CDDFE /* AppDelegate.swift */ = {isa = PBXFileReference; lastKnownFileType = sourcecode.swift; path = AppDelegate.swift; sourceTree = "<group>"; };
		7BC9FB311EA7FA6C002CDDFE /* ViewController.swift */ = {isa = PBXFileReference; lastKnownFileType = sourcecode.swift; path = ViewController.swift; sourceTree = "<group>"; };
		7BC9FB341EA7FA6C002CDDFE /* Base */ = {isa = PBXFileReference; lastKnownFileType = file.storyboard; name = Base; path = Base.lproj/Main.storyboard; sourceTree = "<group>"; };
		7BC9FB361EA7FA6C002CDDFE /* Assets.xcassets */ = {isa = PBXFileReference; lastKnownFileType = folder.assetcatalog; path = Assets.xcassets; sourceTree = "<group>"; };
		7BC9FB391EA7FA6C002CDDFE /* Base */ = {isa = PBXFileReference; lastKnownFileType = file.storyboard; name = Base; path = Base.lproj/LaunchScreen.storyboard; sourceTree = "<group>"; };
		7BC9FB3B1EA7FA6C002CDDFE /* Info.plist */ = {isa = PBXFileReference; lastKnownFileType = text.plist.xml; path = Info.plist; sourceTree = "<group>"; };
/* End PBXFileReference section */

/* Begin PBXFrameworksBuildPhase section */
		7BC9FB291EA7FA6C002CDDFE /* Frameworks */ = {
			isa = PBXFrameworksBuildPhase;
			buildActionMask = 2147483647;
			files = (
			);
			runOnlyForDeploymentPostprocessing = 0;
		};
/* End PBXFrameworksBuildPhase section */

/* Begin PBXGroup section */
		7BC9FB231EA7FA6C002CDDFE = {
			isa = PBXGroup;
			children = (
				7BC9FB2E1EA7FA6C002CDDFE /* PhotoAlbum */,
				7BC9FB2D1EA7FA6C002CDDFE /* Products */,
			);
			sourceTree = "<group>";
		};
		7BC9FB2D1EA7FA6C002CDDFE /* Products */ = {
			isa = PBXGroup;
			children = (
				7BC9FB2C1EA7FA6C002CDDFE /* PhotoAlbum.app */,
			);
			name = Products;
			sourceTree = "<group>";
		};
		7BC9FB2E1EA7FA6C002CDDFE /* PhotoAlbum */ = {
			isa = PBXGroup;
			children = (
				7BC9FB2F1EA7FA6C002CDDFE /* AppDelegate.swift */,
				7BC9FB311EA7FA6C002CDDFE /* ViewController.swift */,
				7BC9FB331EA7FA6C002CDDFE /* Main.storyboard */,
				7BC9FB361EA7FA6C002CDDFE /* Assets.xcassets */,
				7BC9FB381EA7FA6C002CDDFE /* LaunchScreen.storyboard */,
				7BC9FB3B1EA7FA6C002CDDFE /* Info.plist */,
			);
			path = PhotoAlbum;
			sourceTree = "<group>";
		};
/* End PBXGroup section */

/* Begin PBXNativeTarget section */
		7BC9FB2B1EA7FA6C002CDDFE /* PhotoAlbum */ = {
			isa = PBXNativeTarget;
			buildConfigurationList = 7BC9FB3E1EA7FA6C002CDDFE /* Build configuration list for PBXNativeTarget "PhotoAlbum" */;
			buildPhases = (
				7BC9FB281EA7FA6C002CDDFE /* Sources */,
				7BC9FB291EA7FA6C002CDDFE /* Frameworks */,
				7BC9FB2A1EA7FA6C002CDDFE /* Resources */,
			);
			buildRules = (
			);
			dependencies = (
			);
			name = PhotoAlbum;
			productName = PhotoAlbum;
			productReference = 7BC9FB2C1EA7FA6C002CDDFE /* PhotoAlbum.app */;
			productType = "com.apple.product-type.application";
		};
/* End PBXNativeTarget section */

/* Begin PBXProject section */
		7BC9FB241EA7FA6C002CDDFE /* Project object */ = {
			isa = PBXProject;
			attributes = {
				LastSwiftUpdateCheck = 0830;
				LastUpgradeCheck = 0830;
				ORGANIZATIONNAME = "Ömral Cörüt";
				TargetAttributes = {
					7BC9FB2B1EA7FA6C002CDDFE = {
						CreatedOnToolsVersion = 8.3.1;
						ProvisioningStyle = Automatic;
					};
				};
			};
			buildConfigurationList = 7BC9FB271EA7FA6C002CDDFE /* Build configuration list for PBXProject "PhotoAlbum" */;
			compatibilityVersion = "Xcode 3.2";
			developmentRegion = English;
			hasScannedForEncodings = 0;
			knownRegions = (
				en,
				Base,
			);
			mainGroup = 7BC9FB231EA7FA6C002CDDFE;
			productRefGroup = 7BC9FB2D1EA7FA6C002CDDFE /* Products */;
			projectDirPath = "";
			projectRoot = "";
			targets = (
				7BC9FB2B1EA7FA6C002CDDFE /* PhotoAlbum */,
			);
		};
/* End PBXProject section */

/* Begin PBXResourcesBuildPhase section */
		7BC9FB2A1EA7FA6C002CDDFE /* Resources */ = {
			isa = PBXResourcesBuildPhase;
			buildActionMask = 2147483647;
			files = (
				7BC9FB3A1EA7FA6C002CDDFE /* LaunchScreen.storyboard in Resources */,
				7BC9FB371EA7FA6C002CDDFE /* Assets.xcassets in Resources */,
				7BC9FB351EA7FA6C002CDDFE /* Main.storyboard in Resources */,
			);
			runOnlyForDeploymentPostprocessing = 0;
		};
/* End PBXResourcesBuildPhase section */

/* Begin PBXSourcesBuildPhase section */
		7BC9FB281EA7FA6C002CDDFE /* Sources */ = {
			isa = PBXSourcesBuildPhase;
			buildActionMask = 2147483647;
			files = (
				7BC9FB321EA7FA6C002CDDFE /* ViewController.swift in Sources */,
				7BC9FB301EA7FA6C002CDDFE /* AppDelegate.swift in Sources */,
			);
			runOnlyForDeploymentPostprocessing = 0;
		};
/* End PBXSourcesBuildPhase section */

/* Begin PBXVariantGroup section */
		7BC9FB331EA7FA6C002CDDFE /* Main.storyboard */ = {
			isa = PBXVariantGroup;
			children = (
				7BC9FB341EA7FA6C002CDDFE /* Base */,
			);
			name = Main.storyboard;
			sourceTree = "<group>";
		};
		7BC9FB381EA7FA6C002CDDFE /* LaunchScreen.storyboard */ = {
			isa = PBXVariantGroup;
			children = (
				7BC9FB391EA7FA6C002CDDFE /* Base */,
			);
			name = LaunchScreen.storyboard;
			sourceTree = "<group>";
		};
/* End PBXVariantGroup section */

/* Begin XCBuildConfiguration section */
		7BC9FB3C1EA7FA6C002CDDFE /* Debug */ = {
			isa = XCBuildConfiguration;
			buildSettings = {
				ALWAYS_SEARCH_USER_PATHS = NO;
				CLANG_ANALYZER_NONNULL = YES;
				CLANG_ANALYZER_NUMBER_OBJECT_CONVERSION = YES_AGGRESSIVE;
				CLANG_CXX_LANGUAGE_STANDARD = "gnu++0x";
				CLANG_CXX_LIBRARY = "libc++";
				CLANG_ENABLE_MODULES = YES;
				CLANG_ENABLE_OBJC_ARC = YES;
				CLANG_WARN_BOOL_CONVERSION = YES;
				CLANG_WARN_CONSTANT_CONVERSION = YES;
				CLANG_WARN_DIRECT_OBJC_ISA_USAGE = YES_ERROR;
				CLANG_WARN_DOCUMENTATION_COMMENTS = YES;
				CLANG_WARN_EMPTY_BODY = YES;
				CLANG_WARN_ENUM_CONVERSION = YES;
				CLANG_WARN_INFINITE_RECURSION = YES;
				CLANG_WARN_INT_CONVERSION = YES;
				CLANG_WARN_OBJC_ROOT_CLASS = YES_ERROR;
				CLANG_WARN_SUSPICIOUS_MOVE = YES;
				CLANG_WARN_UNREACHABLE_CODE = YES;
				CLANG_WARN__DUPLICATE_METHOD_MATCH = YES;
				"CODE_SIGN_IDENTITY[sdk=iphoneos*]" = "iPhone Developer";
				COPY_PHASE_STRIP = NO;
				DEBUG_INFORMATION_FORMAT = dwarf;
				ENABLE_STRICT_OBJC_MSGSEND = YES;
				ENABLE_TESTABILITY = YES;
				GCC_C_LANGUAGE_STANDARD = gnu99;
				GCC_DYNAMIC_NO_PIC = NO;
				GCC_NO_COMMON_BLOCKS = YES;
				GCC_OPTIMIZATION_LEVEL = 0;
				GCC_PREPROCESSOR_DEFINITIONS = (
					"DEBUG=1",
					"$(inherited)",
				);
				GCC_WARN_64_TO_32_BIT_CONVERSION = YES;
				GCC_WARN_ABOUT_RETURN_TYPE = YES_ERROR;
				GCC_WARN_UNDECLARED_SELECTOR = YES;
				GCC_WARN_UNINITIALIZED_AUTOS = YES_AGGRESSIVE;
				GCC_WARN_UNUSED_FUNCTION = YES;
				GCC_WARN_UNUSED_VARIABLE = YES;
				IPHONEOS_DEPLOYMENT_TARGET = 10.3;
				MTL_ENABLE_DEBUG_INFO = YES;
				ONLY_ACTIVE_ARCH = YES;
				SDKROOT = iphoneos;
				SWIFT_ACTIVE_COMPILATION_CONDITIONS = DEBUG;
				SWIFT_OPTIMIZATION_LEVEL = "-Onone";
				TARGETED_DEVICE_FAMILY = "1,2";
			};
			name = Debug;
		};
		7BC9FB3D1EA7FA6C002CDDFE /* Release */ = {
			isa = XCBuildConfiguration;
			buildSettings = {
				ALWAYS_SEARCH_USER_PATHS = NO;
				CLANG_ANALYZER_NONNULL = YES;
				CLANG_ANALYZER_NUMBER_OBJECT_CONVERSION = YES_AGGRESSIVE;
				CLANG_CXX_LANGUAGE_STANDARD = "gnu++0x";
				CLANG_CXX_LIBRARY = "libc++";
				CLANG_ENABLE_MODULES = YES;
				CLANG_ENABLE_OBJC_ARC = YES;
				CLANG_WARN_BOOL_CONVERSION = YES;
				CLANG_WARN_CONSTANT_CONVERSION = YES;
				CLANG_WARN_DIRECT_OBJC_ISA_USAGE = YES_ERROR;
				CLANG_WARN_DOCUMENTATION_COMMENTS = YES;
				CLANG_WARN_EMPTY_BODY = YES;
				CLANG_WARN_ENUM_CONVERSION = YES;
				CLANG_WARN_INFINITE_RECURSION = YES;
				CLANG_WARN_INT_CONVERSION = YES;
				CLANG_WARN_OBJC_ROOT_CLASS = YES_ERROR;
				CLANG_WARN_SUSPICIOUS_MOVE = YES;
				CLANG_WARN_UNREACHABLE_CODE = YES;
				CLANG_WARN__DUPLICATE_METHOD_MATCH = YES;
				"CODE_SIGN_IDENTITY[sdk=iphoneos*]" = "iPhone Developer";
				COPY_PHASE_STRIP = NO;
				DEBUG_INFORMATION_FORMAT = "dwarf-with-dsym";
				ENABLE_NS_ASSERTIONS = NO;
				ENABLE_STRICT_OBJC_MSGSEND = YES;
				GCC_C_LANGUAGE_STANDARD = gnu99;
				GCC_NO_COMMON_BLOCKS = YES;
				GCC_WARN_64_TO_32_BIT_CONVERSION = YES;
				GCC_WARN_ABOUT_RETURN_TYPE = YES_ERROR;
				GCC_WARN_UNDECLARED_SELECTOR = YES;
				GCC_WARN_UNINITIALIZED_AUTOS = YES_AGGRESSIVE;
				GCC_WARN_UNUSED_FUNCTION = YES;
				GCC_WARN_UNUSED_VARIABLE = YES;
				IPHONEOS_DEPLOYMENT_TARGET = 10.3;
				MTL_ENABLE_DEBUG_INFO = NO;
				SDKROOT = iphoneos;
				SWIFT_OPTIMIZATION_LEVEL = "-Owholemodule";
				TARGETED_DEVICE_FAMILY = "1,2";
				VALIDATE_PRODUCT = YES;
			};
			name = Release;
		};
		7BC9FB3F1EA7FA6C002CDDFE /* Debug */ = {
			isa = XCBuildConfiguration;
			buildSettings = {
				ASSETCATALOG_COMPILER_APPICON_NAME = AppIcon;
				INFOPLIST_FILE = PhotoAlbum/Info.plist;
				LD_RUNPATH_SEARCH_PATHS = "$(inherited) @executable_path/Frameworks";
				PRODUCT_BUNDLE_IDENTIFIER = com.omralcorut.PhotoAlbum;
				PRODUCT_NAME = "$(TARGET_NAME)";
				SWIFT_VERSION = 3.0;
			};
			name = Debug;
		};
		7BC9FB401EA7FA6C002CDDFE /* Release */ = {
			isa = XCBuildConfiguration;
			buildSettings = {
				ASSETCATALOG_COMPILER_APPICON_NAME = AppIcon;
				INFOPLIST_FILE = PhotoAlbum/Info.plist;
				LD_RUNPATH_SEARCH_PATHS = "$(inherited) @executable_path/Frameworks";
				PRODUCT_BUNDLE_IDENTIFIER = com.omralcorut.PhotoAlbum;
				PRODUCT_NAME = "$(TARGET_NAME)";
				SWIFT_VERSION = 3.0;
			};
			name = Release;
		};
/* End XCBuildConfiguration section */

/* Begin XCConfigurationList section */
		7BC9FB271EA7FA6C002CDDFE /* Build configuration list for PBXProject "PhotoAlbum" */ = {
			isa = XCConfigurationList;
			buildConfigurations = (
				7BC9FB3C1EA7FA6C002CDDFE /* Debug */,
				7BC9FB3D1EA7FA6C002CDDFE /* Release */,
			);
			defaultConfigurationIsVisible = 0;
			defaultConfigurationName = Release;
		};
		7BC9FB3E1EA7FA6C002CDDFE /* Build configuration list for PBXNativeTarget "PhotoAlbum" */ = {
			isa = XCConfigurationList;
			buildConfigurations = (
				7BC9FB3F1EA7FA6C002CDDFE /* Debug */,
				7BC9FB401EA7FA6C002CDDFE /* Release */,
			);
			defaultConfigurationIsVisible = 0;
		};
/* End XCConfigurationList section */
	};
	rootObject = 7BC9FB241EA7FA6C002CDDFE /* Project object */;
}
